Microsoft Visual Studio Solution File, Format Version 12.00
# Visual Studio Version 17
VisualStudioVersion = 17.5.2.0
MinimumVisualStudioVersion = 10.0.40219.1
Project("{2150E333-8FDC-42A3-9474-1A3956D46DE8}") = "evaluateBooleanExpression", "evaluateBooleanExpression", "{4AB0B3B0-E8CA-520E-258D-AE40AE92A1ED}"
EndProject
Project("{FAE04EC0-301F-11D3-BF4B-00C04F79EFBC}") = "TestProject", "evaluateBooleanExpression\TestProject\TestProject.csproj", "{5380DD26-B147-6876-F776-4EBA2870079A}"
EndProject
Global
	GlobalSection(SolutionConfigurationPlatforms) = preSolution
		Debug|Any CPU = Debug|Any CPU
		Release|Any CPU = Release|Any CPU
	EndGlobalSection
	GlobalSection(ProjectConfigurationPlatforms) = postSolution
		{5380DD26-B147-6876-F776-4EBA2870079A}.Debug|Any CPU.ActiveCfg = Debug|Any CPU
		{5380DD26-B147-6876-F776-4EBA2870079A}.Debug|Any CPU.Build.0 = Debug|Any CPU
		{5380DD26-B147-6876-F776-4EBA2870079A}.Release|Any CPU.ActiveCfg = Release|Any CPU
		{5380DD26-B147-6876-F776-4EBA2870079A}.Release|Any CPU.Build.0 = Release|Any CPU
	EndGlobalSection
	GlobalSection(SolutionProperties) = preSolution
		HideSolutionNode = FALSE
	EndGlobalSection
	GlobalSection(NestedProjects) = preSolution
		{5380DD26-B147-6876-F776-4EBA2870079A} = {4AB0B3B0-E8CA-520E-258D-AE40AE92A1ED}
	EndGlobalSection
	GlobalSection(ExtensibilityGlobals) = postSolution
		SolutionGuid = {CED94B07-97B2-47ED-A9C1-BE0DB2D88CAD}
	EndGlobalSection
EndGlobal
